
Microsoft Visual Studio Solution File, Format Version 12.00
# Visual Studio Version 17
VisualStudioVersion = 17.6.33723.286
MinimumVisualStudioVersion = 10.0.40219.1
Project("{FAE04EC0-301F-11D3-BF4B-00C04F79EFBC}") = "Assignments.Program1.ExternalNuget", "src\Assignments.Program1.ExternalNuget\Assignments.Program1.ExternalNuget.csproj", "{A4B2EC2D-AF97-4EBF-9D9F-DB010C84CF52}"
EndProject
Project("{FAE04EC0-301F-11D3-BF4B-00C04F79EFBC}") = "Assignments.Program1.CliClient", "src\Assignments.Program1.CliClient\Assignments.Program1.CliClient.csproj", "{3A8D7511-48B3-4C1A-8503-3F7083389219}"
EndProject
Project("{FAE04EC0-301F-11D3-BF4B-00C04F79EFBC}") = "Assignments.Program1.Core", "src\Assignments.Program1.Core\Assignments.Program1.Core.csproj", "{7EE0D237-9A4B-4529-8F9D-7F5511043D30}"
EndProject
Project("{FAE04EC0-301F-11D3-BF4B-00C04F79EFBC}") = "Assignments.Program1.Core.Unit.Tests", "tests\Assignments.Program1.Core.Unit.Tests\Assignments.Program1.Core.Unit.Tests.csproj", "{CE3B89B7-1F12-42B7-8D7F-55573E954D83}"
EndProject
Project("{FAE04EC0-301F-11D3-BF4B-00C04F79EFBC}") = "DependencyInjection.Demo", "src\DependencyInjection.Demo\DependencyInjection.Demo.csproj", "{63F9F8F3-872D-4A62-98B6-D332A85482D5}"
EndProject
Project("{FAE04EC0-301F-11D3-BF4B-00C04F79EFBC}") = "BuilderDemo", "src\BuilderDemo\BuilderDemo.csproj", "{F3BD68E7-7C26-4531-A6C3-C710588CDBF0}"
EndProject
Project("{FAE04EC0-301F-11D3-BF4B-00C04F79EFBC}") = "Facade.Core", "src\Facade.Core\Facade.Core.csproj", "{ABF076DA-A989-4DA9-82BF-9F61B994042B}"
EndProject
Project("{FAE04EC0-301F-11D3-BF4B-00C04F79EFBC}") = "Facade.Client", "src\Facade.Client\Facade.Client.csproj", "{EF9B915F-1498-488E-92C8-55E667850B10}"
EndProject
Project("{FAE04EC0-301F-11D3-BF4B-00C04F79EFBC}") = "ObserverDemo", "src\ObserverDemo\ObserverDemo.csproj", "{D57A8A66-12CC-4EC1-9DF5-2DE0324F99D3}"
EndProject
Project("{FAE04EC0-301F-11D3-BF4B-00C04F79EFBC}") = "StateDemo", "src\StateDemo\StateDemo.csproj", "{CDD7F83D-02D3-4FBA-A597-CA2C7534342E}"
EndProject
Project("{FAE04EC0-301F-11D3-BF4B-00C04F79EFBC}") = "StateMachineDemo", "src\StateMachineDemo\StateMachineDemo.csproj", "{0484807D-F204-4417-B165-42F3A230B5F7}"
EndProject
Project("{FAE04EC0-301F-11D3-BF4B-00C04F79EFBC}") = "StrategyDemo", "src\StrategyDemo\StrategyDemo.csproj", "{6CFFAC85-03CF-42F2-A7B7-C6E8691A68E0}"
EndProject
Project("{FAE04EC0-301F-11D3-BF4B-00C04F79EFBC}") = "RarStrategyDemo", "src\RarStrategyDemo\RarStrategyDemo.csproj", "{93B565EC-CF2D-4EB9-B309-252E5BF0BB95}"
EndProject
Global
	GlobalSection(SolutionConfigurationPlatforms) = preSolution
		Debug|Any CPU = Debug|Any CPU
		Release|Any CPU = Release|Any CPU
	EndGlobalSection
	GlobalSection(ProjectConfigurationPlatforms) = postSolution
		{A4B2EC2D-AF97-4EBF-9D9F-DB010C84CF52}.Debug|Any CPU.ActiveCfg = Debug|Any CPU
		{A4B2EC2D-AF97-4EBF-9D9F-DB010C84CF52}.Debug|Any CPU.Build.0 = Debug|Any CPU
		{A4B2EC2D-AF97-4EBF-9D9F-DB010C84CF52}.Release|Any CPU.ActiveCfg = Release|Any CPU
		{A4B2EC2D-AF97-4EBF-9D9F-DB010C84CF52}.Release|Any CPU.Build.0 = Release|Any CPU
		{3A8D7511-48B3-4C1A-8503-3F7083389219}.Debug|Any CPU.ActiveCfg = Debug|Any CPU
		{3A8D7511-48B3-4C1A-8503-3F7083389219}.Debug|Any CPU.Build.0 = Debug|Any CPU
		{3A8D7511-48B3-4C1A-8503-3F7083389219}.Release|Any CPU.ActiveCfg = Release|Any CPU
		{3A8D7511-48B3-4C1A-8503-3F7083389219}.Release|Any CPU.Build.0 = Release|Any CPU
		{7EE0D237-9A4B-4529-8F9D-7F5511043D30}.Debug|Any CPU.ActiveCfg = Debug|Any CPU
		{7EE0D237-9A4B-4529-8F9D-7F5511043D30}.Debug|Any CPU.Build.0 = Debug|Any CPU
		{7EE0D237-9A4B-4529-8F9D-7F5511043D30}.Release|Any CPU.ActiveCfg = Release|Any CPU
		{7EE0D237-9A4B-4529-8F9D-7F5511043D30}.Release|Any CPU.Build.0 = Release|Any CPU
		{CE3B89B7-1F12-42B7-8D7F-55573E954D83}.Debug|Any CPU.ActiveCfg = Debug|Any CPU
		{CE3B89B7-1F12-42B7-8D7F-55573E954D83}.Debug|Any CPU.Build.0 = Debug|Any CPU
		{CE3B89B7-1F12-42B7-8D7F-55573E954D83}.Release|Any CPU.ActiveCfg = Release|Any CPU
		{CE3B89B7-1F12-42B7-8D7F-55573E954D83}.Release|Any CPU.Build.0 = Release|Any CPU
		{63F9F8F3-872D-4A62-98B6-D332A85482D5}.Debug|Any CPU.ActiveCfg = Debug|Any CPU
		{63F9F8F3-872D-4A62-98B6-D332A85482D5}.Debug|Any CPU.Build.0 = Debug|Any CPU
		{63F9F8F3-872D-4A62-98B6-D332A85482D5}.Release|Any CPU.ActiveCfg = Release|Any CPU
		{63F9F8F3-872D-4A62-98B6-D332A85482D5}.Release|Any CPU.Build.0 = Release|Any CPU
		{F3BD68E7-7C26-4531-A6C3-C710588CDBF0}.Debug|Any CPU.ActiveCfg = Debug|Any CPU
		{F3BD68E7-7C26-4531-A6C3-C710588CDBF0}.Debug|Any CPU.Build.0 = Debug|Any CPU
		{F3BD68E7-7C26-4531-A6C3-C710588CDBF0}.Release|Any CPU.ActiveCfg = Release|Any CPU
		{F3BD68E7-7C26-4531-A6C3-C710588CDBF0}.Release|Any CPU.Build.0 = Release|Any CPU
		{ABF076DA-A989-4DA9-82BF-9F61B994042B}.Debug|Any CPU.ActiveCfg = Debug|Any CPU
		{ABF076DA-A989-4DA9-82BF-9F61B994042B}.Debug|Any CPU.Build.0 = Debug|Any CPU
		{ABF076DA-A989-4DA9-82BF-9F61B994042B}.Release|Any CPU.ActiveCfg = Release|Any CPU
		{ABF076DA-A989-4DA9-82BF-9F61B994042B}.Release|Any CPU.Build.0 = Release|Any CPU
		{EF9B915F-1498-488E-92C8-55E667850B10}.Debug|Any CPU.ActiveCfg = Debug|Any CPU
		{EF9B915F-1498-488E-92C8-55E667850B10}.Debug|Any CPU.Build.0 = Debug|Any CPU
		{EF9B915F-1498-488E-92C8-55E667850B10}.Release|Any CPU.ActiveCfg = Release|Any CPU
		{EF9B915F-1498-488E-92C8-55E667850B10}.Release|Any CPU.Build.0 = Release|Any CPU
		{D57A8A66-12CC-4EC1-9DF5-2DE0324F99D3}.Debug|Any CPU.ActiveCfg = Debug|Any CPU
		{D57A8A66-12CC-4EC1-9DF5-2DE0324F99D3}.Debug|Any CPU.Build.0 = Debug|Any CPU
		{D57A8A66-12CC-4EC1-9DF5-2DE0324F99D3}.Release|Any CPU.ActiveCfg = Release|Any CPU
		{D57A8A66-12CC-4EC1-9DF5-2DE0324F99D3}.Release|Any CPU.Build.0 = Release|Any CPU
		{CDD7F83D-02D3-4FBA-A597-CA2C7534342E}.Debug|Any CPU.ActiveCfg = Debug|Any CPU
		{CDD7F83D-02D3-4FBA-A597-CA2C7534342E}.Debug|Any CPU.Build.0 = Debug|Any CPU
		{CDD7F83D-02D3-4FBA-A597-CA2C7534342E}.Release|Any CPU.ActiveCfg = Release|Any CPU
		{CDD7F83D-02D3-4FBA-A597-CA2C7534342E}.Release|Any CPU.Build.0 = Release|Any CPU
		{0484807D-F204-4417-B165-42F3A230B5F7}.Debug|Any CPU.ActiveCfg = Debug|Any CPU
		{0484807D-F204-4417-B165-42F3A230B5F7}.Debug|Any CPU.Build.0 = Debug|Any CPU
		{0484807D-F204-4417-B165-42F3A230B5F7}.Release|Any CPU.ActiveCfg = Release|Any CPU
		{0484807D-F204-4417-B165-42F3A230B5F7}.Release|Any CPU.Build.0 = Release|Any CPU
		{6CFFAC85-03CF-42F2-A7B7-C6E8691A68E0}.Debug|Any CPU.ActiveCfg = Debug|Any CPU
		{6CFFAC85-03CF-42F2-A7B7-C6E8691A68E0}.Debug|Any CPU.Build.0 = Debug|Any CPU
		{6CFFAC85-03CF-42F2-A7B7-C6E8691A68E0}.Release|Any CPU.ActiveCfg = Release|Any CPU
		{6CFFAC85-03CF-42F2-A7B7-C6E8691A68E0}.Release|Any CPU.Build.0 = Release|Any CPU
		{93B565EC-CF2D-4EB9-B309-252E5BF0BB95}.Debug|Any CPU.ActiveCfg = Debug|Any CPU
		{93B565EC-CF2D-4EB9-B309-252E5BF0BB95}.Debug|Any CPU.Build.0 = Debug|Any CPU
		{93B565EC-CF2D-4EB9-B309-252E5BF0BB95}.Release|Any CPU.ActiveCfg = Release|Any CPU
		{93B565EC-CF2D-4EB9-B309-252E5BF0BB95}.Release|Any CPU.Build.0 = Release|Any CPU
	EndGlobalSection
	GlobalSection(SolutionProperties) = preSolution
		HideSolutionNode = FALSE
	EndGlobalSection
	GlobalSection(ExtensibilityGlobals) = postSolution
		SolutionGuid = {CEB248B8-D5BC-474E-B773-4C8C69C6556E}
	EndGlobalSection
EndGlobal
